PODS:
<<<<<<< HEAD
=======
  - Realm (10.8.0):
    - Realm/Headers (= 10.8.0)
  - Realm/Headers (10.8.0)
  - RealmSwift (10.8.0):
    - Realm (= 10.8.0)
>>>>>>> 2fa6d58 (General update.)
  - SimpleCheckbox (2.1.0)

DEPENDENCIES:
  - SimpleCheckbox

SPEC REPOS:
  https://github.com/CocoaPods/Specs.git:
    - SimpleCheckbox

SPEC CHECKSUMS:
<<<<<<< HEAD
=======
  Realm: ad3c5cd762e5a5bc02080fc55aa04a0e43f98575
  RealmSwift: 316e450478fb01e06ece4438dda42f407c5f51d2
>>>>>>> 2fa6d58 (General update.)
  SimpleCheckbox: ddcd433ab8c3a8f57300bebda13151a8f302c7f9

PODFILE CHECKSUM: d7c3e39f8338a8118abc72ecb52e72c581163c02

COCOAPODS: 1.10.1
